Microsoft Visual Studio Solution File, Format Version 12.00
# Visual Studio Version 16
VisualStudioVersion = 16.0.31025.194
MinimumVisualStudioVersion = 10.0.40219.1
Project("{9A19103F-16F7-4668-BE54-9A1E7A4F7556}") = "App", "App\App.csproj", "{7C85955A-6147-4C4C-9FC8-8F89D7C4CE49}"
EndProject
Project("{2150E333-8FDC-42A3-9474-1A3956D46DE8}") = "Solution Items", "Solution Items", "{B5CDCCA8-A5D4-4315-8BE5-124A4EEBE3D8}"
	ProjectSection(SolutionItems) = preProject
		..\.editorconfig = ..\.editorconfig
		..\azure-pipelines.yml = ..\azure-pipelines.yml
	EndProjectSection
EndProject
Global
	GlobalSection(SolutionConfigurationPlatforms) = preSolution
		Debug|Any CPU = Debug|Any CPU
		Release|Any CPU = Release|Any CPU
	EndGlobalSection
	GlobalSection(ProjectConfigurationPlatforms) = postSolution
		{7C85955A-6147-4C4C-9FC8-8F89D7C4CE49}.Debug|Any CPU.ActiveCfg = Debug|Any CPU
		{7C85955A-6147-4C4C-9FC8-8F89D7C4CE49}.Debug|Any CPU.Build.0 = Debug|Any CPU
		{7C85955A-6147-4C4C-9FC8-8F89D7C4CE49}.Release|Any CPU.ActiveCfg = Release|Any CPU
		{7C85955A-6147-4C4C-9FC8-8F89D7C4CE49}.Release|Any CPU.Build.0 = Release|Any CPU
	EndGlobalSection
	GlobalSection(SolutionProperties) = preSolution
		HideSolutionNode = FALSE
	EndGlobalSection
	GlobalSection(ExtensibilityGlobals) = postSolution
		SolutionGuid = {7892B6C4-332F-44F5-A03F-30030C9869AF}
	EndGlobalSection
EndGlobal
